// !$*UTF8*$!
{
	archiveVersion = 1;
	classes = {
	};
	objectVersion = 50;
	objects = {

/* Begin PBXBuildFile section */
		F54E843823D8FCAE0061F406 /* AppDelegate.swift in Sources */ = {isa = PBXBuildFile; fileRef = F54E843723D8FCAE0061F406 /* AppDelegate.swift */; };
		F54E843A23D8FCAE0061F406 /* SceneDelegate.swift in Sources */ = {isa = PBXBuildFile; fileRef = F54E843923D8FCAE0061F406 /* SceneDelegate.swift */; };
		F54E843C23D8FCAE0061F406 /* ViewController.swift in Sources */ = {isa = PBXBuildFile; fileRef = F54E843B23D8FCAE0061F406 /* ViewController.swift */; };
		F54E844123D8FCB40061F406 /* Assets.xcassets in Resources */ = {isa = PBXBuildFile; fileRef = F54E844023D8FCB40061F406 /* Assets.xcassets */; };
		F54E844423D8FCB40061F406 /* LaunchScreen.storyboard in Resources */ = {isa = PBXBuildFile; fileRef = F54E844223D8FCB40061F406 /* LaunchScreen.storyboard */; };
		F54E844F23D8FCB40061F406 /* FeedsTests.swift in Sources */ = {isa = PBXBuildFile; fileRef = F54E844E23D8FCB40061F406 /* FeedsTests.swift */; };
		F54E845A23D8FCB40061F406 /* FeedsUITests.swift in Sources */ = {isa = PBXBuildFile; fileRef = F54E845923D8FCB40061F406 /* FeedsUITests.swift */; };
/* End PBXBuildFile section */

/* Begin PBXContainerItemProxy section */
		F54E844B23D8FCB40061F406 /* PBXContainerItemProxy */ = {
			isa = PBXContainerItemProxy;
			containerPortal = F54E842C23D8FCAE0061F406 /* Project object */;
			proxyType = 1;
			remoteGlobalIDString = F54E843323D8FCAE0061F406;
			remoteInfo = Feeds;
		};
		F54E845623D8FCB40061F406 /* PBXContainerItemProxy */ = {
			isa = PBXContainerItemProxy;
			containerPortal = F54E842C23D8FCAE0061F406 /* Project object */;
			proxyType = 1;
			remoteGlobalIDString = F54E843323D8FCAE0061F406;
			remoteInfo = Feeds;
		};
/* End PBXContainerItemProxy section */

/* Begin PBXFileReference section */
		F54E843423D8FCAE0061F406 /* Feeds.app */ = {isa = PBXFileReference; explicitFileType = wrapper.application; includeInIndex = 0; path = Feeds.app; sourceTree = BUILT_PRODUCTS_DIR; };
		F54E843723D8FCAE0061F406 /* AppDelegate.swift */ = {isa = PBXFileReference; lastKnownFileType = sourcecode.swift; path = AppDelegate.swift; sourceTree = "<group>"; };
		F54E843923D8FCAE0061F406 /* SceneDelegate.swift */ = {isa = PBXFileReference; lastKnownFileType = sourcecode.swift; path = SceneDelegate.swift; sourceTree = "<group>"; };
		F54E843B23D8FCAE0061F406 /* ViewController.swift */ = {isa = PBXFileReference; lastKnownFileType = sourcecode.swift; path = ViewController.swift; sourceTree = "<group>"; };
		F54E844023D8FCB40061F406 /* Assets.xcassets */ = {isa = PBXFileReference; lastKnownFileType = folder.assetcatalog; path = Assets.xcassets; sourceTree = "<group>"; };
		F54E844323D8FCB40061F406 /* Base */ = {isa = PBXFileReference; lastKnownFileType = file.storyboard; name = Base; path = Base.lproj/LaunchScreen.storyboard; sourceTree = "<group>"; };
		F54E844523D8FCB40061F406 /* Info.plist */ = {isa = PBXFileReference; lastKnownFileType = text.plist.xml; path = Info.plist; sourceTree = "<group>"; };
		F54E844A23D8FCB40061F406 /* FeedsTests.xctest */ = {isa = PBXFileReference; explicitFileType = wrapper.cfbundle; includeInIndex = 0; path = FeedsTests.xctest; sourceTree = BUILT_PRODUCTS_DIR; };
		F54E844E23D8FCB40061F406 /* FeedsTests.swift */ = {isa = PBXFileReference; lastKnownFileType = sourcecode.swift; path = FeedsTests.swift; sourceTree = "<group>"; };
		F54E845023D8FCB40061F406 /* Info.plist */ = {isa = PBXFileReference; lastKnownFileType = text.plist.xml; path = Info.plist; sourceTree = "<group>"; };
		F54E845523D8FCB40061F406 /* FeedsUITests.xctest */ = {isa = PBXFileReference; explicitFileType = wrapper.cfbundle; includeInIndex = 0; path = FeedsUITests.xctest; sourceTree = BUILT_PRODUCTS_DIR; };
		F54E845923D8FCB40061F406 /* FeedsUITests.swift */ = {isa = PBXFileReference; lastKnownFileType = sourcecode.swift; path = FeedsUITests.swift; sourceTree = "<group>"; };
		F54E845B23D8FCB40061F406 /* Info.plist */ = {isa = PBXFileReference; lastKnownFileType = text.plist.xml; path = Info.plist; sourceTree = "<group>"; };
/* End PBXFileReference section */

/* Begin PBXFrameworksBuildPhase section */
		F54E843123D8FCAE0061F406 /* Frameworks */ = {
			isa = PBXFrameworksBuildPhase;
			buildActionMask = 2147483647;
			files = (
			);
			runOnlyForDeploymentPostprocessing = 0;
		};
		F54E844723D8FCB40061F406 /* Frameworks */ = {
			isa = PBXFrameworksBuildPhase;
			buildActionMask = 2147483647;
			files = (
			);
			runOnlyForDeploymentPostprocessing = 0;
		};
		F54E845223D8FCB40061F406 /* Frameworks */ = {
			isa = PBXFrameworksBuildPhase;
			buildActionMask = 2147483647;
			files = (
			);
			runOnlyForDeploymentPostprocessing = 0;
		};
/* End PBXFrameworksBuildPhase section */

/* Begin PBXGroup section */
		F54E842B23D8FCAE0061F406 = {
			isa = PBXGroup;
			children = (
				F54E843623D8FCAE0061F406 /* Feeds */,
				F54E844D23D8FCB40061F406 /* FeedsTests */,
				F54E845823D8FCB40061F406 /* FeedsUITests */,
				F54E843523D8FCAE0061F406 /* Products */,
			);
			sourceTree = "<group>";
		};
		F54E843523D8FCAE0061F406 /* Products */ = {
			isa = PBXGroup;
			children = (
				F54E843423D8FCAE0061F406 /* Feeds.app */,
				F54E844A23D8FCB40061F406 /* FeedsTests.xctest */,
				F54E845523D8FCB40061F406 /* FeedsUITests.xctest */,
			);
			name = Products;
			sourceTree = "<group>";
		};
		F54E843623D8FCAE0061F406 /* Feeds */ = {
			isa = PBXGroup;
			children = (
				F54E843723D8FCAE0061F406 /* AppDelegate.swift */,
				F54E843923D8FCAE0061F406 /* SceneDelegate.swift */,
				F54E843B23D8FCAE0061F406 /* ViewController.swift */,
				F54E844023D8FCB40061F406 /* Assets.xcassets */,
				F54E844223D8FCB40061F406 /* LaunchScreen.storyboard */,
				F54E844523D8FCB40061F406 /* Info.plist */,
			);
			path = Feeds;
			sourceTree = "<group>";
		};
		F54E844D23D8FCB40061F406 /* FeedsTests */ = {
			isa = PBXGroup;
			children = (
				F54E844E23D8FCB40061F406 /* FeedsTests.swift */,
				F54E845023D8FCB40061F406 /* Info.plist */,
			);
			path = FeedsTests;
			sourceTree = "<group>";
		};
		F54E845823D8FCB40061F406 /* FeedsUITests */ = {
			isa = PBXGroup;
			children = (
				F54E845923D8FCB40061F406 /* FeedsUITests.swift */,
				F54E845B23D8FCB40061F406 /* Info.plist */,
			);
			path = FeedsUITests;
			sourceTree = "<group>";
		};
/* End PBXGroup section */

/* Begin PBXNativeTarget section */
		F54E843323D8FCAE0061F406 /* Feeds */ = {
			isa = PBXNativeTarget;
			buildConfigurationList = F54E845E23D8FCB40061F406 /* Build configuration list for PBXNativeTarget "Feeds" */;
			buildPhases = (
				F54E843023D8FCAE0061F406 /* Sources */,
				F54E843123D8FCAE0061F406 /* Frameworks */,
				F54E843223D8FCAE0061F406 /* Resources */,
			);
			buildRules = (
			);
			dependencies = (
			);
			name = Feeds;
			productName = Feeds;
			productReference = F54E843423D8FCAE0061F406 /* Feeds.app */;
			productType = "com.apple.product-type.application";
		};
		F54E844923D8FCB40061F406 /* FeedsTests */ = {
			isa = PBXNativeTarget;
			buildConfigurationList = F54E846123D8FCB40061F406 /* Build configuration list for PBXNativeTarget "FeedsTests" */;
			buildPhases = (
				F54E844623D8FCB40061F406 /* Sources */,
				F54E844723D8FCB40061F406 /* Frameworks */,
				F54E844823D8FCB40061F406 /* Resources */,
			);
			buildRules = (
			);
			dependencies = (
				F54E844C23D8FCB40061F406 /* PBXTargetDependency */,
			);
			name = FeedsTests;
			productName = FeedsTests;
			productReference = F54E844A23D8FCB40061F406 /* FeedsTests.xctest */;
			productType = "com.apple.product-type.bundle.unit-test";
		};
		F54E845423D8FCB40061F406 /* FeedsUITests */ = {
			isa = PBXNativeTarget;
			buildConfigurationList = F54E846423D8FCB40061F406 /* Build configuration list for PBXNativeTarget "FeedsUITests" */;
			buildPhases = (
				F54E845123D8FCB40061F406 /* Sources */,
				F54E845223D8FCB40061F406 /* Frameworks */,
				F54E845323D8FCB40061F406 /* Resources */,
			);
			buildRules = (
			);
			dependencies = (
				F54E845723D8FCB40061F406 /* PBXTargetDependency */,
			);
			name = FeedsUITests;
			productName = FeedsUITests;
			productReference = F54E845523D8FCB40061F406 /* FeedsUITests.xctest */;
			productType = "com.apple.product-type.bundle.ui-testing";
		};
/* End PBXNativeTarget section */

/* Begin PBXProject section */
		F54E842C23D8FCAE0061F406 /* Project object */ = {
			isa = PBXProject;
			attributes = {
				LastSwiftUpdateCheck = 1130;
				LastUpgradeCheck = 1130;
				ORGANIZATIONNAME = sudofluff;
				TargetAttributes = {
					F54E843323D8FCAE0061F406 = {
						CreatedOnToolsVersion = 11.3;
					};
					F54E844923D8FCB40061F406 = {
						CreatedOnToolsVersion = 11.3;
						TestTargetID = F54E843323D8FCAE0061F406;
					};
					F54E845423D8FCB40061F406 = {
						CreatedOnToolsVersion = 11.3;
						TestTargetID = F54E843323D8FCAE0061F406;
					};
				};
			};
			buildConfigurationList = F54E842F23D8FCAE0061F406 /* Build configuration list for PBXProject "Feeds" */;
			compatibilityVersion = "Xcode 9.3";
			developmentRegion = en;
			hasScannedForEncodings = 0;
			knownRegions = (
				en,
				Base,
			);
			mainGroup = F54E842B23D8FCAE0061F406;
			productRefGroup = F54E843523D8FCAE0061F406 /* Products */;
			projectDirPath = "";
			projectRoot = "";
			targets = (
				F54E843323D8FCAE0061F406 /* Feeds */,
				F54E844923D8FCB40061F406 /* FeedsTests */,
				F54E845423D8FCB40061F406 /* FeedsUITests */,
			);
		};
/* End PBXProject section */

/* Begin PBXResourcesBuildPhase section */
		F54E843223D8FCAE0061F406 /* Resources */ = {
			isa = PBXResourcesBuildPhase;
			buildActionMask = 2147483647;
			files = (
				F54E844423D8FCB40061F406 /* LaunchScreen.storyboard in Resources */,
				F54E844123D8FCB40061F406 /* Assets.xcassets in Resources */,
			);
			runOnlyForDeploymentPostprocessing = 0;
		};
		F54E844823D8FCB40061F406 /* Resources */ = {
			isa = PBXResourcesBuildPhase;
			buildActionMask = 2147483647;
			files = (
			);
			runOnlyForDeploymentPostprocessing = 0;
		};
		F54E845323D8FCB40061F406 /* Resources */ = {
			isa = PBXResourcesBuildPhase;
			buildActionMask = 2147483647;
			files = (
			);
			runOnlyForDeploymentPostprocessing = 0;
		};
/* End PBXResourcesBuildPhase section */

/* Begin PBXSourcesBuildPhase section */
		F54E843023D8FCAE0061F406 /* Sources */ = {
			isa = PBXSourcesBuildPhase;
			buildActionMask = 2147483647;
			files = (
				F54E843C23D8FCAE0061F406 /* ViewController.swift in Sources */,
				F54E843823D8FCAE0061F406 /* AppDelegate.swift in Sources */,
				F54E843A23D8FCAE0061F406 /* SceneDelegate.swift in Sources */,
			);
			runOnlyForDeploymentPostprocessing = 0;
		};
		F54E844623D8FCB40061F406 /* Sources */ = {
			isa = PBXSourcesBuildPhase;
			buildActionMask = 2147483647;
			files = (
				F54E844F23D8FCB40061F406 /* FeedsTests.swift in Sources */,
			);
			runOnlyForDeploymentPostprocessing = 0;
		};
		F54E845123D8FCB40061F406 /* Sources */ = {
			isa = PBXSourcesBuildPhase;
			buildActionMask = 2147483647;
			files = (
				F54E845A23D8FCB40061F406 /* FeedsUITests.swift in Sources */,
			);
			runOnlyForDeploymentPostprocessing = 0;
		};
/* End PBXSourcesBuildPhase section */

/* Begin PBXTargetDependency section */
		F54E844C23D8FCB40061F406 /* PBXTargetDependency */ = {
			isa = PBXTargetDependency;
			target = F54E843323D8FCAE0061F406 /* Feeds */;
			targetProxy = F54E844B23D8FCB40061F406 /* PBXContainerItemProxy */;
		};
		F54E845723D8FCB40061F406 /* PBXTargetDependency */ = {
			isa = PBXTargetDependency;
			target = F54E843323D8FCAE0061F406 /* Feeds */;
			targetProxy = F54E845623D8FCB40061F406 /* PBXContainerItemProxy */;
		};
/* End PBXTargetDependency section */

/* Begin PBXVariantGroup section */
		F54E844223D8FCB40061F406 /* LaunchScreen.storyboard */ = {
			isa = PBXVariantGroup;
			children = (
				F54E844323D8FCB40061F406 /* Base */,
			);
			name = LaunchScreen.storyboard;
			sourceTree = "<group>";
		};
/* End PBXVariantGroup section */

/* Begin XCBuildConfiguration section */
		F54E845C23D8FCB40061F406 /* Debug */ = {
			isa = XCBuildConfiguration;
			buildSettings = {
				ALWAYS_SEARCH_USER_PATHS = NO;
				CLANG_ANALYZER_NONNULL = YES;
				CLANG_ANALYZER_NUMBER_OBJECT_CONVERSION = YES_AGGRESSIVE;
				CLANG_CXX_LANGUAGE_STANDARD = "gnu++14";
				CLANG_CXX_LIBRARY = "libc++";
				CLANG_ENABLE_MODULES = YES;
				CLANG_ENABLE_OBJC_ARC = YES;
				CLANG_ENABLE_OBJC_WEAK = YES;
				CLANG_WARN_BLOCK_CAPTURE_AUTORELEASING = YES;
				CLANG_WARN_BOOL_CONVERSION = YES;
				CLANG_WARN_COMMA = YES;
				CLANG_WARN_CONSTANT_CONVERSION = YES;
				CLANG_WARN_DEPRECATED_OBJC_IMPLEMENTATIONS = YES;
				CLANG_WARN_DIRECT_OBJC_ISA_USAGE = YES_ERROR;
				CLANG_WARN_DOCUMENTATION_COMMENTS = YES;
				CLANG_WARN_EMPTY_BODY = YES;
				CLANG_WARN_ENUM_CONVERSION = YES;
				CLANG_WARN_INFINITE_RECURSION = YES;
				CLANG_WARN_INT_CONVERSION = YES;
				CLANG_WARN_NON_LITERAL_NULL_CONVERSION = YES;
				CLANG_WARN_OBJC_IMPLICIT_RETAIN_SELF = YES;
				CLANG_WARN_OBJC_LITERAL_CONVERSION = YES;
				CLANG_WARN_OBJC_ROOT_CLASS = YES_ERROR;
				CLANG_WARN_RANGE_LOOP_ANALYSIS = YES;
				CLANG_WARN_STRICT_PROTOTYPES = YES;
				CLANG_WARN_SUSPICIOUS_MOVE = YES;
				CLANG_WARN_UNGUARDED_AVAILABILITY = YES_AGGRESSIVE;
				CLANG_WARN_UNREACHABLE_CODE = YES;
				CLANG_WARN__DUPLICATE_METHOD_MATCH = YES;
				COPY_PHASE_STRIP = NO;
				DEBUG_INFORMATION_FORMAT = dwarf;
				ENABLE_STRICT_OBJC_MSGSEND = YES;
				ENABLE_TESTABILITY = YES;
				GCC_C_LANGUAGE_STANDARD = gnu11;
				GCC_DYNAMIC_NO_PIC = NO;
				GCC_NO_COMMON_BLOCKS = YES;
				GCC_OPTIMIZATION_LEVEL = 0;
				GCC_PREPROCESSOR_DEFINITIONS = (
					"DEBUG=1",
					"$(inherited)",
				);
				GCC_WARN_64_TO_32_BIT_CONVERSION = YES;
				GCC_WARN_ABOUT_RETURN_TYPE = YES_ERROR;
				GCC_WARN_UNDECLARED_SELECTOR = YES;
				GCC_WARN_UNINITIALIZED_AUTOS = YES_AGGRESSIVE;
				GCC_WARN_UNUSED_FUNCTION = YES;
				GCC_WARN_UNUSED_VARIABLE = YES;
				IPHONEOS_DEPLOYMENT_TARGET = 13.2;
				MTL_ENABLE_DEBUG_INFO = INCLUDE_SOURCE;
				MTL_FAST_MATH = YES;
				ONLY_ACTIVE_ARCH = YES;
				SDKROOT = iphoneos;
				SWIFT_ACTIVE_COMPILATION_CONDITIONS = DEBUG;
				SWIFT_OPTIMIZATION_LEVEL = "-Onone";
			};
			name = Debug;
		};
		F54E845D23D8FCB40061F406 /* Release */ = {
			isa = XCBuildConfiguration;
			buildSettings = {
				ALWAYS_SEARCH_USER_PATHS = NO;
				CLANG_ANALYZER_NONNULL = YES;
				CLANG_ANALYZER_NUMBER_OBJECT_CONVERSION = YES_AGGRESSIVE;
				CLANG_CXX_LANGUAGE_STANDARD = "gnu++14";
				CLANG_CXX_LIBRARY = "libc++";
				CLANG_ENABLE_MODULES = YES;
				CLANG_ENABLE_OBJC_ARC = YES;
				CLANG_ENABLE_OBJC_WEAK = YES;
				CLANG_WARN_BLOCK_CAPTURE_AUTORELEASING = YES;
				CLANG_WARN_BOOL_CONVERSION = YES;
				CLANG_WARN_COMMA = YES;
				CLANG_WARN_CONSTANT_CONVERSION = YES;
				CLANG_WARN_DEPRECATED_OBJC_IMPLEMENTATIONS = YES;
				CLANG_WARN_DIRECT_OBJC_ISA_USAGE = YES_ERROR;
				CLANG_WARN_DOCUMENTATION_COMMENTS = YES;
				CLANG_WARN_EMPTY_BODY = YES;
				CLANG_WARN_ENUM_CONVERSION = YES;
				CLANG_WARN_INFINITE_RECURSION = YES;
				CLANG_WARN_INT_CONVERSION = YES;
				CLANG_WARN_NON_LITERAL_NULL_CONVERSION = YES;
				CLANG_WARN_OBJC_IMPLICIT_RETAIN_SELF = YES;
				CLANG_WARN_OBJC_LITERAL_CONVERSION = YES;
				CLANG_WARN_OBJC_ROOT_CLASS = YES_ERROR;
				CLANG_WARN_RANGE_LOOP_ANALYSIS = YES;
				CLANG_WARN_STRICT_PROTOTYPES = YES;
				CLANG_WARN_SUSPICIOUS_MOVE = YES;
				CLANG_WARN_UNGUARDED_AVAILABILITY = YES_AGGRESSIVE;
				CLANG_WARN_UNREACHABLE_CODE = YES;
				CLANG_WARN__DUPLICATE_METHOD_MATCH = YES;
				COPY_PHASE_STRIP = NO;
				DEBUG_INFORMATION_FORMAT = "dwarf-with-dsym";
				ENABLE_NS_ASSERTIONS = NO;
				ENABLE_STRICT_OBJC_MSGSEND = YES;
				GCC_C_LANGUAGE_STANDARD = gnu11;
				GCC_NO_COMMON_BLOCKS = YES;
				GCC_WARN_64_TO_32_BIT_CONVERSION = YES;
				GCC_WARN_ABOUT_RETURN_TYPE = YES_ERROR;
				GCC_WARN_UNDECLARED_SELECTOR = YES;
				GCC_WARN_UNINITIALIZED_AUTOS = YES_AGGRESSIVE;
				GCC_WARN_UNUSED_FUNCTION = YES;
				GCC_WARN_UNUSED_VARIABLE = YES;
				IPHONEOS_DEPLOYMENT_TARGET = 13.2;
				MTL_ENABLE_DEBUG_INFO = NO;
				MTL_FAST_MATH = YES;
				SDKROOT = iphoneos;
				SWIFT_COMPILATION_MODE = wholemodule;
				SWIFT_OPTIMIZATION_LEVEL = "-O";
				VALIDATE_PRODUCT = YES;
			};
			name = Release;
		};
		F54E845F23D8FCB40061F406 /* Debug */ = {
			isa = XCBuildConfiguration;
			buildSettings = {
				ASSETCATALOG_COMPILER_APPICON_NAME = AppIcon;
				CODE_SIGN_STYLE = Automatic;
				DEVELOPMENT_TEAM = KKSY22G5PE;
				INFOPLIST_FILE = Feeds/Info.plist;
				LD_RUNPATH_SEARCH_PATHS = (
					"$(inherited)",
					"@executable_path/Frameworks",
				);
				PRODUCT_BUNDLE_IDENTIFIER = com.sudofluff.Feeds;
				PRODUCT_NAME = "$(TARGET_NAME)";
				SWIFT_VERSION = 5.0;
				TARGETED_DEVICE_FAMILY = "1,2";
			};
			name = Debug;
		};
		F54E846023D8FCB40061F406 /* Release */ = {
			isa = XCBuildConfiguration;
			buildSettings = {
				ASSETCATALOG_COMPILER_APPICON_NAME = AppIcon;
				CODE_SIGN_STYLE = Automatic;
				DEVELOPMENT_TEAM = KKSY22G5PE;
				INFOPLIST_FILE = Feeds/Info.plist;
				LD_RUNPATH_SEARCH_PATHS = (
					"$(inherited)",
					"@executable_path/Frameworks",
				);
				PRODUCT_BUNDLE_IDENTIFIER = com.sudofluff.Feeds;
				PRODUCT_NAME = "$(TARGET_NAME)";
				SWIFT_VERSION = 5.0;
				TARGETED_DEVICE_FAMILY = "1,2";
			};
			name = Release;
		};
		F54E846223D8FCB40061F406 /* Debug */ = {
			isa = XCBuildConfiguration;
			buildSettings = {
				ALWAYS_EMBED_SWIFT_STANDARD_LIBRARIES = YES;
				BUNDLE_LOADER = "$(TEST_HOST)";
				CODE_SIGN_STYLE = Automatic;
				DEVELOPMENT_TEAM = KKSY22G5PE;
				INFOPLIST_FILE = FeedsTests/Info.plist;
				IPHONEOS_DEPLOYMENT_TARGET = 13.2;
				LD_RUNPATH_SEARCH_PATHS = (
					"$(inherited)",
					"@executable_path/Frameworks",
					"@loader_path/Frameworks",
				);
				PRODUCT_BUNDLE_IDENTIFIER = com.sudofluff.FeedsTests;
				PRODUCT_NAME = "$(TARGET_NAME)";
				SWIFT_VERSION = 5.0;
				TARGETED_DEVICE_FAMILY = "1,2";
				TEST_HOST = "$(BUILT_PRODUCTS_DIR)/Feeds.app/Feeds";
			};
			name = Debug;
		};
		F54E846323D8FCB40061F406 /* Release */ = {
			isa = XCBuildConfiguration;
			buildSettings = {
				ALWAYS_EMBED_SWIFT_STANDARD_LIBRARIES = YES;
				BUNDLE_LOADER = "$(TEST_HOST)";
				CODE_SIGN_STYLE = Automatic;
				DEVELOPMENT_TEAM = KKSY22G5PE;
				INFOPLIST_FILE = FeedsTests/Info.plist;
				IPHONEOS_DEPLOYMENT_TARGET = 13.2;
				LD_RUNPATH_SEARCH_PATHS = (
					"$(inherited)",
					"@executable_path/Frameworks",
					"@loader_path/Frameworks",
				);
				PRODUCT_BUNDLE_IDENTIFIER = com.sudofluff.FeedsTests;
				PRODUCT_NAME = "$(TARGET_NAME)";
				SWIFT_VERSION = 5.0;
				TARGETED_DEVICE_FAMILY = "1,2";
				TEST_HOST = "$(BUILT_PRODUCTS_DIR)/Feeds.app/Feeds";
			};
			name = Release;
		};
		F54E846523D8FCB40061F406 /* Debug */ = {
			isa = XCBuildConfiguration;
			buildSettings = {
				ALWAYS_EMBED_SWIFT_STANDARD_LIBRARIES = YES;
				CODE_SIGN_STYLE = Automatic;
				DEVELOPMENT_TEAM = KKSY22G5PE;
				INFOPLIST_FILE = FeedsUITests/Info.plist;
				LD_RUNPATH_SEARCH_PATHS = (
					"$(inherited)",
					"@executable_path/Frameworks",
					"@loader_path/Frameworks",
				);
				PRODUCT_BUNDLE_IDENTIFIER = com.sudofluff.FeedsUITests;
				PRODUCT_NAME = "$(TARGET_NAME)";
				SWIFT_VERSION = 5.0;
				TARGETED_DEVICE_FAMILY = "1,2";
				TEST_TARGET_NAME = Feeds;
			};
			name = Debug;
		};
		F54E846623D8FCB40061F406 /* Release */ = {
			isa = XCBuildConfiguration;
			buildSettings = {
				ALWAYS_EMBED_SWIFT_STANDARD_LIBRARIES = YES;
				CODE_SIGN_STYLE = Automatic;
				DEVELOPMENT_TEAM = KKSY22G5PE;
				INFOPLIST_FILE = FeedsUITests/Info.plist;
				LD_RUNPATH_SEARCH_PATHS = (
					"$(inherited)",
					"@executable_path/Frameworks",
					"@loader_path/Frameworks",
				);
				PRODUCT_BUNDLE_IDENTIFIER = com.sudofluff.FeedsUITests;
				PRODUCT_NAME = "$(TARGET_NAME)";
				SWIFT_VERSION = 5.0;
				TARGETED_DEVICE_FAMILY = "1,2";
				TEST_TARGET_NAME = Feeds;
			};
			name = Release;
		};
/* End XCBuildConfiguration section */

/* Begin XCConfigurationList section */
		F54E842F23D8FCAE0061F406 /* Build configuration list for PBXProject "Feeds" */ = {
			isa = XCConfigurationList;
			buildConfigurations = (
				F54E845C23D8FCB40061F406 /* Debug */,
				F54E845D23D8FCB40061F406 /* Release */,
			);
			defaultConfigurationIsVisible = 0;
			defaultConfigurationName = Release;
		};
		F54E845E23D8FCB40061F406 /* Build configuration list for PBXNativeTarget "Feeds" */ = {
			isa = XCConfigurationList;
			buildConfigurations = (
				F54E845F23D8FCB40061F406 /* Debug */,
				F54E846023D8FCB40061F406 /* Release */,
			);
			defaultConfigurationIsVisible = 0;
			defaultConfigurationName = Release;
		};
		F54E846123D8FCB40061F406 /* Build configuration list for PBXNativeTarget "FeedsTests" */ = {
			isa = XCConfigurationList;
			buildConfigurations = (
				F54E846223D8FCB40061F406 /* Debug */,
				F54E846323D8FCB40061F406 /* Release */,
			);
			defaultConfigurationIsVisible = 0;
			defaultConfigurationName = Release;
		};
		F54E846423D8FCB40061F406 /* Build configuration list for PBXNativeTarget "FeedsUITests" */ = {
			isa = XCConfigurationList;
			buildConfigurations = (
				F54E846523D8FCB40061F406 /* Debug */,
				F54E846623D8FCB40061F406 /* Release */,
			);
			defaultConfigurationIsVisible = 0;
			defaultConfigurationName = Release;
		};
/* End XCConfigurationList section */
	};
	rootObject = F54E842C23D8FCAE0061F406 /* Project object */;
}
